// !$*UTF8*$!
{
	archiveVersion = 1;
	classes = {
	};
	objectVersion = 46;
	objects = {

/* Begin PBXBuildFile section */
		1A68CF091BDDBF51006BB38C /* main.m in Sources */ = {isa = PBXBuildFile; fileRef = 1A68CF081BDDBF51006BB38C /* main.m */; };
		1A68CF0C1BDDBF51006BB38C /* AppDelegate.m in Sources */ = {isa = PBXBuildFile; fileRef = 1A68CF0B1BDDBF51006BB38C /* AppDelegate.m */; };
		1A68CF0F1BDDBF51006BB38C /* ViewController.m in Sources */ = {isa = PBXBuildFile; fileRef = 1A68CF0E1BDDBF51006BB38C /* ViewController.m */; };
		1A68CF121BDDBF51006BB38C /* Main.storyboard in Resources */ = {isa = PBXBuildFile; fileRef = 1A68CF101BDDBF51006BB38C /* Main.storyboard */; };
		1A68CF141BDDBF51006BB38C /* Assets.xcassets in Resources */ = {isa = PBXBuildFile; fileRef = 1A68CF131BDDBF51006BB38C /* Assets.xcassets */; };
		1A68CF171BDDBF51006BB38C /* LaunchScreen.storyboard in Resources */ = {isa = PBXBuildFile; fileRef = 1A68CF151BDDBF51006BB38C /* LaunchScreen.storyboard */; };
		1A68CF221BDDBF51006BB38C /* bulletsTests.m in Sources */ = {isa = PBXBuildFile; fileRef = 1A68CF211BDDBF51006BB38C /* bulletsTests.m */; };
		1A68CF2D1BDDBF51006BB38C /* bulletsUITests.m in Sources */ = {isa = PBXBuildFile; fileRef = 1A68CF2C1BDDBF51006BB38C /* bulletsUITests.m */; };
		1AEF6DBF1BDE09480090A933 /* TTTAttributedLabel.m in Sources */ = {isa = PBXBuildFile; fileRef = 1AEF6DBE1BDE09480090A933 /* TTTAttributedLabel.m */; settings = {ASSET_TAGS = (); }; };
/* End PBXBuildFile section */

/* Begin PBXContainerItemProxy section */
		1A68CF1E1BDDBF51006BB38C /* PBXContainerItemProxy */ = {
			isa = PBXContainerItemProxy;
			containerPortal = 1A68CEFC1BDDBF51006BB38C /* Project object */;
			proxyType = 1;
			remoteGlobalIDString = 1A68CF031BDDBF51006BB38C;
			remoteInfo = bullets;
		};
		1A68CF291BDDBF51006BB38C /* PBXContainerItemProxy */ = {
			isa = PBXContainerItemProxy;
			containerPortal = 1A68CEFC1BDDBF51006BB38C /* Project object */;
			proxyType = 1;
			remoteGlobalIDString = 1A68CF031BDDBF51006BB38C;
			remoteInfo = bullets;
		};
/* End PBXContainerItemProxy section */

/* Begin PBXFileReference section */
		1A68CF041BDDBF51006BB38C /* bullets.app */ = {isa = PBXFileReference; explicitFileType = wrapper.application; includeInIndex = 0; path = bullets.app; sourceTree = BUILT_PRODUCTS_DIR; };
		1A68CF081BDDBF51006BB38C /* main.m */ = {isa = PBXFileReference; lastKnownFileType = sourcecode.c.objc; path = main.m; sourceTree = "<group>"; };
		1A68CF0A1BDDBF51006BB38C /* AppDelegate.h */ = {isa = PBXFileReference; lastKnownFileType = sourcecode.c.h; path = AppDelegate.h; sourceTree = "<group>"; };
		1A68CF0B1BDDBF51006BB38C /* AppDelegate.m */ = {isa = PBXFileReference; lastKnownFileType = sourcecode.c.objc; path = AppDelegate.m; sourceTree = "<group>"; };
		1A68CF0D1BDDBF51006BB38C /* ViewController.h */ = {isa = PBXFileReference; lastKnownFileType = sourcecode.c.h; path = ViewController.h; sourceTree = "<group>"; };
		1A68CF0E1BDDBF51006BB38C /* ViewController.m */ = {isa = PBXFileReference; lastKnownFileType = sourcecode.c.objc; path = ViewController.m; sourceTree = "<group>"; };
		1A68CF111BDDBF51006BB38C /* Base */ = {isa = PBXFileReference; lastKnownFileType = file.storyboard; name = Base; path = Base.lproj/Main.storyboard; sourceTree = "<group>"; };
		1A68CF131BDDBF51006BB38C /* Assets.xcassets */ = {isa = PBXFileReference; lastKnownFileType = folder.assetcatalog; path = Assets.xcassets; sourceTree = "<group>"; };
		1A68CF161BDDBF51006BB38C /* Base */ = {isa = PBXFileReference; lastKnownFileType = file.storyboard; name = Base; path = Base.lproj/LaunchScreen.storyboard; sourceTree = "<group>"; };
		1A68CF181BDDBF51006BB38C /* Info.plist */ = {isa = PBXFileReference; lastKnownFileType = text.plist.xml; path = Info.plist; sourceTree = "<group>"; };
		1A68CF1D1BDDBF51006BB38C /* bulletsTests.xctest */ = {isa = PBXFileReference; explicitFileType = wrapper.cfbundle; includeInIndex = 0; path = bulletsTests.xctest; sourceTree = BUILT_PRODUCTS_DIR; };
		1A68CF211BDDBF51006BB38C /* bulletsTests.m */ = {isa = PBXFileReference; lastKnownFileType = sourcecode.c.objc; path = bulletsTests.m; sourceTree = "<group>"; };
		1A68CF231BDDBF51006BB38C /* Info.plist */ = {isa = PBXFileReference; lastKnownFileType = text.plist.xml; path = Info.plist; sourceTree = "<group>"; };
		1A68CF281BDDBF51006BB38C /* bulletsUITests.xctest */ = {isa = PBXFileReference; explicitFileType = wrapper.cfbundle; includeInIndex = 0; path = bulletsUITests.xctest; sourceTree = BUILT_PRODUCTS_DIR; };
		1A68CF2C1BDDBF51006BB38C /* bulletsUITests.m */ = {isa = PBXFileReference; lastKnownFileType = sourcecode.c.objc; path = bulletsUITests.m; sourceTree = "<group>"; };
		1A68CF2E1BDDBF51006BB38C /* Info.plist */ = {isa = PBXFileReference; lastKnownFileType = text.plist.xml; path = Info.plist; sourceTree = "<group>"; };
		1AEF6DBD1BDE09480090A933 /* TTTAttributedLabel.h */ = {isa = PBXFileReference; fileEncoding = 4; lastKnownFileType = sourcecode.c.h; path = TTTAttributedLabel.h; sourceTree = "<group>"; };
		1AEF6DBE1BDE09480090A933 /* TTTAttributedLabel.m */ = {isa = PBXFileReference; fileEncoding = 4; lastKnownFileType = sourcecode.c.objc; path = TTTAttributedLabel.m; sourceTree = "<group>"; };
/* End PBXFileReference section */

/* Begin PBXFrameworksBuildPhase section */
		1A68CF011BDDBF51006BB38C /* Frameworks */ = {
			isa = PBXFrameworksBuildPhase;
			buildActionMask = 2147483647;
			files = (
			);
			runOnlyForDeploymentPostprocessing = 0;
		};
		1A68CF1A1BDDBF51006BB38C /* Frameworks */ = {
			isa = PBXFrameworksBuildPhase;
			buildActionMask = 2147483647;
			files = (
			);
			runOnlyForDeploymentPostprocessing = 0;
		};
		1A68CF251BDDBF51006BB38C /* Frameworks */ = {
			isa = PBXFrameworksBuildPhase;
			buildActionMask = 2147483647;
			files = (
			);
			runOnlyForDeploymentPostprocessing = 0;
		};
/* End PBXFrameworksBuildPhase section */

/* Begin PBXGroup section */
		1A68CEFB1BDDBF51006BB38C = {
			isa = PBXGroup;
			children = (
				1A68CF061BDDBF51006BB38C /* bullets */,
				1A68CF201BDDBF51006BB38C /* bulletsTests */,
				1A68CF2B1BDDBF51006BB38C /* bulletsUITests */,
				1A68CF051BDDBF51006BB38C /* Products */,
			);
			sourceTree = "<group>";
		};
		1A68CF051BDDBF51006BB38C /* Products */ = {
			isa = PBXGroup;
			children = (
				1A68CF041BDDBF51006BB38C /* bullets.app */,
				1A68CF1D1BDDBF51006BB38C /* bulletsTests.xctest */,
				1A68CF281BDDBF51006BB38C /* bulletsUITests.xctest */,
			);
			name = Products;
			sourceTree = "<group>";
		};
		1A68CF061BDDBF51006BB38C /* bullets */ = {
			isa = PBXGroup;
			children = (
				1A68CF0A1BDDBF51006BB38C /* AppDelegate.h */,
				1A68CF0B1BDDBF51006BB38C /* AppDelegate.m */,
				1A68CF0D1BDDBF51006BB38C /* ViewController.h */,
				1A68CF0E1BDDBF51006BB38C /* ViewController.m */,
				1AEF6DBD1BDE09480090A933 /* TTTAttributedLabel.h */,
				1AEF6DBE1BDE09480090A933 /* TTTAttributedLabel.m */,
				1A68CF101BDDBF51006BB38C /* Main.storyboard */,
				1A68CF131BDDBF51006BB38C /* Assets.xcassets */,
				1A68CF151BDDBF51006BB38C /* LaunchScreen.storyboard */,
				1A68CF181BDDBF51006BB38C /* Info.plist */,
				1A68CF071BDDBF51006BB38C /* Supporting Files */,
			);
			path = bullets;
			sourceTree = "<group>";
		};
		1A68CF071BDDBF51006BB38C /* Supporting Files */ = {
			isa = PBXGroup;
			children = (
				1A68CF081BDDBF51006BB38C /* main.m */,
			);
			name = "Supporting Files";
			sourceTree = "<group>";
		};
		1A68CF201BDDBF51006BB38C /* bulletsTests */ = {
			isa = PBXGroup;
			children = (
				1A68CF211BDDBF51006BB38C /* bulletsTests.m */,
				1A68CF231BDDBF51006BB38C /* Info.plist */,
			);
			path = bulletsTests;
			sourceTree = "<group>";
		};
		1A68CF2B1BDDBF51006BB38C /* bulletsUITests */ = {
			isa = PBXGroup;
			children = (
				1A68CF2C1BDDBF51006BB38C /* bulletsUITests.m */,
				1A68CF2E1BDDBF51006BB38C /* Info.plist */,
			);
			path = bulletsUITests;
			sourceTree = "<group>";
		};
/* End PBXGroup section */

/* Begin PBXNativeTarget section */
		1A68CF031BDDBF51006BB38C /* bullets */ = {
			isa = PBXNativeTarget;
			buildConfigurationList = 1A68CF311BDDBF51006BB38C /* Build configuration list for PBXNativeTarget "bullets" */;
			buildPhases = (
				1A68CF001BDDBF51006BB38C /* Sources */,
				1A68CF011BDDBF51006BB38C /* Frameworks */,
				1A68CF021BDDBF51006BB38C /* Resources */,
			);
			buildRules = (
			);
			dependencies = (
			);
			name = bullets;
			productName = bullets;
			productReference = 1A68CF041BDDBF51006BB38C /* bullets.app */;
			productType = "com.apple.product-type.application";
		};
		1A68CF1C1BDDBF51006BB38C /* bulletsTests */ = {
			isa = PBXNativeTarget;
			buildConfigurationList = 1A68CF341BDDBF51006BB38C /* Build configuration list for PBXNativeTarget "bulletsTests" */;
			buildPhases = (
				1A68CF191BDDBF51006BB38C /* Sources */,
				1A68CF1A1BDDBF51006BB38C /* Frameworks */,
				1A68CF1B1BDDBF51006BB38C /* Resources */,
			);
			buildRules = (
			);
			dependencies = (
				1A68CF1F1BDDBF51006BB38C /* PBXTargetDependency */,
			);
			name = bulletsTests;
			productName = bulletsTests;
			productReference = 1A68CF1D1BDDBF51006BB38C /* bulletsTests.xctest */;
			productType = "com.apple.product-type.bundle.unit-test";
		};
		1A68CF271BDDBF51006BB38C /* bulletsUITests */ = {
			isa = PBXNativeTarget;
			buildConfigurationList = 1A68CF371BDDBF51006BB38C /* Build configuration list for PBXNativeTarget "bulletsUITests" */;
			buildPhases = (
				1A68CF241BDDBF51006BB38C /* Sources */,
				1A68CF251BDDBF51006BB38C /* Frameworks */,
				1A68CF261BDDBF51006BB38C /* Resources */,
			);
			buildRules = (
			);
			dependencies = (
				1A68CF2A1BDDBF51006BB38C /* PBXTargetDependency */,
			);
			name = bulletsUITests;
			productName = bulletsUITests;
			productReference = 1A68CF281BDDBF51006BB38C /* bulletsUITests.xctest */;
			productType = "com.apple.product-type.bundle.ui-testing";
		};
/* End PBXNativeTarget section */

/* Begin PBXProject section */
		1A68CEFC1BDDBF51006BB38C /* Project object */ = {
			isa = PBXProject;
			attributes = {
				LastUpgradeCheck = 0700;
				ORGANIZATIONNAME = PwC;
				TargetAttributes = {
					1A68CF031BDDBF51006BB38C = {
						CreatedOnToolsVersion = 7.0.1;
					};
					1A68CF1C1BDDBF51006BB38C = {
						CreatedOnToolsVersion = 7.0.1;
						TestTargetID = 1A68CF031BDDBF51006BB38C;
					};
					1A68CF271BDDBF51006BB38C = {
						CreatedOnToolsVersion = 7.0.1;
						TestTargetID = 1A68CF031BDDBF51006BB38C;
					};
				};
			};
			buildConfigurationList = 1A68CEFF1BDDBF51006BB38C /* Build configuration list for PBXProject "bullets" */;
			compatibilityVersion = "Xcode 3.2";
			developmentRegion = English;
			hasScannedForEncodings = 0;
			knownRegions = (
				en,
				Base,
			);
			mainGroup = 1A68CEFB1BDDBF51006BB38C;
			productRefGroup = 1A68CF051BDDBF51006BB38C /* Products */;
			projectDirPath = "";
			projectRoot = "";
			targets = (
				1A68CF031BDDBF51006BB38C /* bullets */,
				1A68CF1C1BDDBF51006BB38C /* bulletsTests */,
				1A68CF271BDDBF51006BB38C /* bulletsUITests */,
			);
		};
/* End PBXProject section */

/* Begin PBXResourcesBuildPhase section */
		1A68CF021BDDBF51006BB38C /* Resources */ = {
			isa = PBXResourcesBuildPhase;
			buildActionMask = 2147483647;
			files = (
				1A68CF171BDDBF51006BB38C /* LaunchScreen.storyboard in Resources */,
				1A68CF141BDDBF51006BB38C /* Assets.xcassets in Resources */,
				1A68CF121BDDBF51006BB38C /* Main.storyboard in Resources */,
			);
			runOnlyForDeploymentPostprocessing = 0;
		};
		1A68CF1B1BDDBF51006BB38C /* Resources */ = {
			isa = PBXResourcesBuildPhase;
			buildActionMask = 2147483647;
			files = (
			);
			runOnlyForDeploymentPostprocessing = 0;
		};
		1A68CF261BDDBF51006BB38C /* Resources */ = {
			isa = PBXResourcesBuildPhase;
			buildActionMask = 2147483647;
			files = (
			);
			runOnlyForDeploymentPostprocessing = 0;
		};
/* End PBXResourcesBuildPhase section */

/* Begin PBXSourcesBuildPhase section */
		1A68CF001BDDBF51006BB38C /* Sources */ = {
			isa = PBXSourcesBuildPhase;
			buildActionMask = 2147483647;
			files = (
				1A68CF0F1BDDBF51006BB38C /* ViewController.m in Sources */,
				1A68CF0C1BDDBF51006BB38C /* AppDelegate.m in Sources */,
				1A68CF091BDDBF51006BB38C /* main.m in Sources */,
				1AEF6DBF1BDE09480090A933 /* TTTAttributedLabel.m in Sources */,
			);
			runOnlyForDeploymentPostprocessing = 0;
		};
		1A68CF191BDDBF51006BB38C /* Sources */ = {
			isa = PBXSourcesBuildPhase;
			buildActionMask = 2147483647;
			files = (
				1A68CF221BDDBF51006BB38C /* bulletsTests.m in Sources */,
			);
			runOnlyForDeploymentPostprocessing = 0;
		};
		1A68CF241BDDBF51006BB38C /* Sources */ = {
			isa = PBXSourcesBuildPhase;
			buildActionMask = 2147483647;
			files = (
				1A68CF2D1BDDBF51006BB38C /* bulletsUITests.m in Sources */,
			);
			runOnlyForDeploymentPostprocessing = 0;
		};
/* End PBXSourcesBuildPhase section */

/* Begin PBXTargetDependency section */
		1A68CF1F1BDDBF51006BB38C /* PBXTargetDependency */ = {
			isa = PBXTargetDependency;
			target = 1A68CF031BDDBF51006BB38C /* bullets */;
			targetProxy = 1A68CF1E1BDDBF51006BB38C /* PBXContainerItemProxy */;
		};
		1A68CF2A1BDDBF51006BB38C /* PBXTargetDependency */ = {
			isa = PBXTargetDependency;
			target = 1A68CF031BDDBF51006BB38C /* bullets */;
			targetProxy = 1A68CF291BDDBF51006BB38C /* PBXContainerItemProxy */;
		};
/* End PBXTargetDependency section */

/* Begin PBXVariantGroup section */
		1A68CF101BDDBF51006BB38C /* Main.storyboard */ = {
			isa = PBXVariantGroup;
			children = (
				1A68CF111BDDBF51006BB38C /* Base */,
			);
			name = Main.storyboard;
			sourceTree = "<group>";
		};
		1A68CF151BDDBF51006BB38C /* LaunchScreen.storyboard */ = {
			isa = PBXVariantGroup;
			children = (
				1A68CF161BDDBF51006BB38C /* Base */,
			);
			name = LaunchScreen.storyboard;
			sourceTree = "<group>";
		};
/* End PBXVariantGroup section */

/* Begin XCBuildConfiguration section */
		1A68CF2F1BDDBF51006BB38C /* Debug */ = {
			isa = XCBuildConfiguration;
			buildSettings = {
				ALWAYS_SEARCH_USER_PATHS = NO;
				CLANG_CXX_LANGUAGE_STANDARD = "gnu++0x";
				CLANG_CXX_LIBRARY = "libc++";
				CLANG_ENABLE_MODULES = YES;
				CLANG_ENABLE_OBJC_ARC = YES;
				CLANG_WARN_BOOL_CONVERSION = YES;
				CLANG_WARN_CONSTANT_CONVERSION = YES;
				CLANG_WARN_DIRECT_OBJC_ISA_USAGE = YES_ERROR;
				CLANG_WARN_EMPTY_BODY = YES;
				CLANG_WARN_ENUM_CONVERSION = YES;
				CLANG_WARN_INT_CONVERSION = YES;
				CLANG_WARN_OBJC_ROOT_CLASS = YES_ERROR;
				CLANG_WARN_UNREACHABLE_CODE = YES;
				CLANG_WARN__DUPLICATE_METHOD_MATCH = YES;
				"CODE_SIGN_IDENTITY[sdk=iphoneos*]" = "iPhone Developer";
				COPY_PHASE_STRIP = NO;
				DEBUG_INFORMATION_FORMAT = dwarf;
				ENABLE_STRICT_OBJC_MSGSEND = YES;
				ENABLE_TESTABILITY = YES;
				GCC_C_LANGUAGE_STANDARD = gnu99;
				GCC_DYNAMIC_NO_PIC = NO;
				GCC_NO_COMMON_BLOCKS = YES;
				GCC_OPTIMIZATION_LEVEL = 0;
				GCC_PREPROCESSOR_DEFINITIONS = (
					"DEBUG=1",
					"$(inherited)",
				);
				GCC_WARN_64_TO_32_BIT_CONVERSION = YES;
				GCC_WARN_ABOUT_RETURN_TYPE = YES_ERROR;
				GCC_WARN_UNDECLARED_SELECTOR = YES;
				GCC_WARN_UNINITIALIZED_AUTOS = YES_AGGRESSIVE;
				GCC_WARN_UNUSED_FUNCTION = YES;
				GCC_WARN_UNUSED_VARIABLE = YES;
				IPHONEOS_DEPLOYMENT_TARGET = 9.0;
				MTL_ENABLE_DEBUG_INFO = YES;
				ONLY_ACTIVE_ARCH = YES;
				SDKROOT = iphoneos;
				TARGETED_DEVICE_FAMILY = "1,2";
			};
			name = Debug;
		};
		1A68CF301BDDBF51006BB38C /* Release */ = {
			isa = XCBuildConfiguration;
			buildSettings = {
				ALWAYS_SEARCH_USER_PATHS = NO;
				CLANG_CXX_LANGUAGE_STANDARD = "gnu++0x";
				CLANG_CXX_LIBRARY = "libc++";
				CLANG_ENABLE_MODULES = YES;
				CLANG_ENABLE_OBJC_ARC = YES;
				CLANG_WARN_BOOL_CONVERSION = YES;
				CLANG_WARN_CONSTANT_CONVERSION = YES;
				CLANG_WARN_DIRECT_OBJC_ISA_USAGE = YES_ERROR;
				CLANG_WARN_EMPTY_BODY = YES;
				CLANG_WARN_ENUM_CONVERSION = YES;
				CLANG_WARN_INT_CONVERSION = YES;
				CLANG_WARN_OBJC_ROOT_CLASS = YES_ERROR;
				CLANG_WARN_UNREACHABLE_CODE = YES;
				CLANG_WARN__DUPLICATE_METHOD_MATCH = YES;
				"CODE_SIGN_IDENTITY[sdk=iphoneos*]" = "iPhone Developer";
				COPY_PHASE_STRIP = NO;
				DEBUG_INFORMATION_FORMAT = "dwarf-with-dsym";
				ENABLE_NS_ASSERTIONS = NO;
				ENABLE_STRICT_OBJC_MSGSEND = YES;
				GCC_C_LANGUAGE_STANDARD = gnu99;
				GCC_NO_COMMON_BLOCKS = YES;
				GCC_WARN_64_TO_32_BIT_CONVERSION = YES;
				GCC_WARN_ABOUT_RETURN_TYPE = YES_ERROR;
				GCC_WARN_UNDECLARED_SELECTOR = YES;
				GCC_WARN_UNINITIALIZED_AUTOS = YES_AGGRESSIVE;
				GCC_WARN_UNUSED_FUNCTION = YES;
				GCC_WARN_UNUSED_VARIABLE = YES;
				IPHONEOS_DEPLOYMENT_TARGET = 9.0;
				MTL_ENABLE_DEBUG_INFO = NO;
				SDKROOT = iphoneos;
				TARGETED_DEVICE_FAMILY = "1,2";
				VALIDATE_PRODUCT = YES;
			};
			name = Release;
		};
		1A68CF321BDDBF51006BB38C /* Debug */ = {
			isa = XCBuildConfiguration;
			buildSettings = {
				ASSETCATALOG_COMPILER_APPICON_NAME = AppIcon;
				INFOPLIST_FILE = bullets/Info.plist;
				LD_RUNPATH_SEARCH_PATHS = "$(inherited) @executable_path/Frameworks";
				PRODUCT_BUNDLE_IDENTIFIER = com.test.bullets;
				PRODUCT_NAME = "$(TARGET_NAME)";
			};
			name = Debug;
		};
		1A68CF331BDDBF51006BB38C /* Release */ = {
			isa = XCBuildConfiguration;
			buildSettings = {
				ASSETCATALOG_COMPILER_APPICON_NAME = AppIcon;
				INFOPLIST_FILE = bullets/Info.plist;
				LD_RUNPATH_SEARCH_PATHS = "$(inherited) @executable_path/Frameworks";
				PRODUCT_BUNDLE_IDENTIFIER = com.test.bullets;
				PRODUCT_NAME = "$(TARGET_NAME)";
			};
			name = Release;
		};
		1A68CF351BDDBF51006BB38C /* Debug */ = {
			isa = XCBuildConfiguration;
			buildSettings = {
				BUNDLE_LOADER = "$(TEST_HOST)";
				INFOPLIST_FILE = bulletsTests/Info.plist;
				LD_RUNPATH_SEARCH_PATHS = "$(inherited) @executable_path/Frameworks @loader_path/Frameworks";
				PRODUCT_BUNDLE_IDENTIFIER = com.test.bulletsTests;
				PRODUCT_NAME = "$(TARGET_NAME)";
				TEST_HOST = "$(BUILT_PRODUCTS_DIR)/bullets.app/bullets";
			};
			name = Debug;
		};
		1A68CF361BDDBF51006BB38C /* Release */ = {
			isa = XCBuildConfiguration;
			buildSettings = {
				BUNDLE_LOADER = "$(TEST_HOST)";
				INFOPLIST_FILE = bulletsTests/Info.plist;
				LD_RUNPATH_SEARCH_PATHS = "$(inherited) @executable_path/Frameworks @loader_path/Frameworks";
				PRODUCT_BUNDLE_IDENTIFIER = com.test.bulletsTests;
				PRODUCT_NAME = "$(TARGET_NAME)";
				TEST_HOST = "$(BUILT_PRODUCTS_DIR)/bullets.app/bullets";
			};
			name = Release;
		};
		1A68CF381BDDBF51006BB38C /* Debug */ = {
			isa = XCBuildConfiguration;
			buildSettings = {
				INFOPLIST_FILE = bulletsUITests/Info.plist;
				LD_RUNPATH_SEARCH_PATHS = "$(inherited) @executable_path/Frameworks @loader_path/Frameworks";
				PRODUCT_BUNDLE_IDENTIFIER = com.test.bulletsUITests;
				PRODUCT_NAME = "$(TARGET_NAME)";
				TEST_TARGET_NAME = bullets;
				USES_XCTRUNNER = YES;
			};
			name = Debug;
		};
		1A68CF391BDDBF51006BB38C /* Release */ = {
			isa = XCBuildConfiguration;
			buildSettings = {
				INFOPLIST_FILE = bulletsUITests/Info.plist;
				LD_RUNPATH_SEARCH_PATHS = "$(inherited) @executable_path/Frameworks @loader_path/Frameworks";
				PRODUCT_BUNDLE_IDENTIFIER = com.test.bulletsUITests;
				PRODUCT_NAME = "$(TARGET_NAME)";
				TEST_TARGET_NAME = bullets;
				USES_XCTRUNNER = YES;
			};
			name = Release;
		};
/* End XCBuildConfiguration section */

/* Begin XCConfigurationList section */
		1A68CEFF1BDDBF51006BB38C /* Build configuration list for PBXProject "bullets" */ = {
			isa = XCConfigurationList;
			buildConfigurations = (
				1A68CF2F1BDDBF51006BB38C /* Debug */,
				1A68CF301BDDBF51006BB38C /* Release */,
			);
			defaultConfigurationIsVisible = 0;
			defaultConfigurationName = Release;
		};
		1A68CF311BDDBF51006BB38C /* Build configuration list for PBXNativeTarget "bullets" */ = {
			isa = XCConfigurationList;
			buildConfigurations = (
				1A68CF321BDDBF51006BB38C /* Debug */,
				1A68CF331BDDBF51006BB38C /* Release */,
			);
			defaultConfigurationIsVisible = 0;
			defaultConfigurationName = Release;
		};
		1A68CF341BDDBF51006BB38C /* Build configuration list for PBXNativeTarget "bulletsTests" */ = {
			isa = XCConfigurationList;
			buildConfigurations = (
				1A68CF351BDDBF51006BB38C /* Debug */,
				1A68CF361BDDBF51006BB38C /* Release */,
			);
			defaultConfigurationIsVisible = 0;
			defaultConfigurationName = Release;
		};
		1A68CF371BDDBF51006BB38C /* Build configuration list for PBXNativeTarget "bulletsUITests" */ = {
			isa = XCConfigurationList;
			buildConfigurations = (
				1A68CF381BDDBF51006BB38C /* Debug */,
				1A68CF391BDDBF51006BB38C /* Release */,
			);
			defaultConfigurationIsVisible = 0;
			defaultConfigurationName = Release;
		};
/* End XCConfigurationList section */
	};
	rootObject = 1A68CEFC1BDDBF51006BB38C /* Project object */;
}
